
Microsoft Visual Studio Solution File, Format Version 12.00
Project("{FAE04EC0-301F-11D3-BF4B-00C04F79EFBC}") = "apbd-cw6", "apbd-cw6\apbd-cw6.csproj", "{DD364490-7356-43D7-BC4E-B157E280841A}"
EndProject
Global
	GlobalSection(SolutionConfigurationPlatforms) = preSolution
		Debug|Any CPU = Debug|Any CPU
		Release|Any CPU = Release|Any CPU
	EndGlobalSection
	GlobalSection(ProjectConfigurationPlatforms) = postSolution
		{DD364490-7356-43D7-BC4E-B157E280841A}.Debug|Any CPU.ActiveCfg = Debug|Any CPU
		{DD364490-7356-43D7-BC4E-B157E280841A}.Debug|Any CPU.Build.0 = Debug|Any CPU
		{DD364490-7356-43D7-BC4E-B157E280841A}.Release|Any CPU.ActiveCfg = Release|Any CPU
		{DD364490-7356-43D7-BC4E-B157E280841A}.Release|Any CPU.Build.0 = Release|Any CPU
	EndGlobalSection
EndGlobal
